
Microsoft Visual Studio Solution File, Format Version 12.00
# Visual Studio 15
VisualStudioVersion = 15.0.28307.329
MinimumVisualStudioVersion = 10.0.40219.1
Project("{FAE04EC0-301F-11D3-BF4B-00C04F79EFBC}") = "Dpcosta.Cardapios.Core", "Dpcosta.Cardapios.Core\Dpcosta.Cardapios.Core.csproj", "{C2A9C985-AEF6-4426-A50B-B3097B5E735B}"
EndProject
Global
	GlobalSection(SolutionConfigurationPlatforms) = preSolution
		Debug|Any CPU = Debug|Any CPU
		Release|Any CPU = Release|Any CPU
	EndGlobalSection
	GlobalSection(ProjectConfigurationPlatforms) = postSolution
		{C2A9C985-AEF6-4426-A50B-B3097B5E735B}.Debug|Any CPU.ActiveCfg = Debug|Any CPU
		{C2A9C985-AEF6-4426-A50B-B3097B5E735B}.Debug|Any CPU.Build.0 = Debug|Any CPU
		{C2A9C985-AEF6-4426-A50B-B3097B5E735B}.Release|Any CPU.ActiveCfg = Release|Any CPU
		{C2A9C985-AEF6-4426-A50B-B3097B5E735B}.Release|Any CPU.Build.0 = Release|Any CPU
	EndGlobalSection
	GlobalSection(SolutionProperties) = preSolution
		HideSolutionNode = FALSE
	EndGlobalSection
	GlobalSection(ExtensibilityGlobals) = postSolution
		SolutionGuid = {2D7CF1A9-5196-4654-8C1A-D2D3D11C59FE}
	EndGlobalSection
EndGlobal
